#MicroXplorer Configuration settings - do not modify
ADC.Channel-0\#ChannelRegularConversion=ADC_CHANNEL_0
ADC.Channel-1\#ChannelRegularConversion=ADC_CHANNEL_2
ADC.Channel-2\#ChannelRegularConversion=ADC_CHANNEL_3
ADC.Channel-3\#ChannelRegularConversion=ADC_CHANNEL_4
ADC.Channel-4\#ChannelRegularConversion=ADC_CHANNEL_5
ADC.Channel-5\#ChannelRegularConversion=ADC_CHANNEL_6
ADC.Channel-6\#ChannelRegularConversion=ADC_CHANNEL_VBAT
ADC.ClockPrescaler=ADC_CLOCK_ASYNC_DIV64
ADC.ContinuousConvMode=ENABLE
ADC.DMAContinuousRequests=ENABLE
ADC.EnableRegularConversion=ENABLE
ADC.IPParameters=NbrOfConversion,ClockPrescaler,ContinuousConvMode,TriggerFrequencyMode,SamplingTimeCommon1,SamplingTimeCommon2,DMAContinuousRequests,Resolution,EnableRegularConversion,Rank-0\#ChannelRegularConversion,Channel-0\#ChannelRegularConversion,SamplingTime-0\#ChannelRegularConversion,NbrOfConversionFlag,Rank-1\#ChannelRegularConversion,Channel-1\#ChannelRegularConversion,SamplingTime-1\#ChannelRegularConversion,Rank-2\#ChannelRegularConversion,Channel-2\#ChannelRegularConversion,SamplingTime-2\#ChannelRegularConversion,Rank-3\#ChannelRegularConversion,Channel-3\#ChannelRegularConversion,SamplingTime-3\#ChannelRegularConversion,Rank-4\#ChannelRegularConversion,Channel-4\#ChannelRegularConversion,SamplingTime-4\#ChannelRegularConversion,Rank-5\#ChannelRegularConversion,Channel-5\#ChannelRegularConversion,SamplingTime-5\#ChannelRegularConversion,Rank-6\#ChannelRegularConversion,Channel-6\#ChannelRegularConversion,SamplingTime-6\#ChannelRegularConversion,SelectedChannel
ADC.NbrOfConversion=7
ADC.NbrOfConversionFlag=1
ADC.Rank-0\#ChannelRegularConversion=1
ADC.Rank-1\#ChannelRegularConversion=2
ADC.Rank-2\#ChannelRegularConversion=3
ADC.Rank-3\#ChannelRegularConversion=4
ADC.Rank-4\#ChannelRegularConversion=5
ADC.Rank-5\#ChannelRegularConversion=6
ADC.Rank-6\#ChannelRegularConversion=7
ADC.Resolution=ADC_RESOLUTION_12B
ADC.SamplingTime-0\#ChannelRegularConversion=ADC_SAMPLINGTIME_COMMON_1
ADC.SamplingTime-1\#ChannelRegularConversion=ADC_SAMPLINGTIME_COMMON_1
ADC.SamplingTime-2\#ChannelRegularConversion=ADC_SAMPLINGTIME_COMMON_1
ADC.SamplingTime-3\#ChannelRegularConversion=ADC_SAMPLINGTIME_COMMON_1
ADC.SamplingTime-4\#ChannelRegularConversion=ADC_SAMPLINGTIME_COMMON_1
ADC.SamplingTime-5\#ChannelRegularConversion=ADC_SAMPLINGTIME_COMMON_1
ADC.SamplingTime-6\#ChannelRegularConversion=ADC_SAMPLINGTIME_COMMON_1
ADC.SamplingTimeCommon1=ADC_SAMPLETIME_79CYCLES_5
ADC.SamplingTimeCommon2=ADC_SAMPLETIME_79CYCLES_5
ADC.SelectedChannel=ADC_CHANNEL_0|ADC_CHANNEL_1|ADC_CHANNEL_2|ADC_CHANNEL_3|ADC_CHANNEL_4|ADC_CHANNEL_5|ADC_CHANNEL_6|ADC_CHANNEL_VBAT
ADC.TriggerFrequencyMode=ADC_TRIGGER_FREQ_HIGH
BSP_IP_NAME=NUCLEO-WL55JC1
CAD.formats=
CAD.pinconfig=
CAD.provider=
CortexM0Plus.IPs=RCC,SYS_M0PLUS\:I,DMA,NVIC2\:I,IPCC,ADV_TRACE,GTZC_S\:I,LORAWAN,MISC,SEQUENCER_M0PLUS\:I,SIGFOX,SUBGHZ\:I,SUBGHZ_PHY,TIMER,TINY_LPM,GPIO,NUCLEO-WL55JC1
CortexM4.IPs=FATFS\:I,RCC\:I,SYS\:I,DMA\:I,NVIC1\:I,DEBUG\:I,IPCC\:I,ADV_TRACE\:I,FREERTOS\:I,GTZC_NS\:I,LORAWAN\:I,MISC\:I,SEQUENCER_M4\:I,SIGFOX\:I,SUBGHZ_PHY\:I,TIMER\:I,TINY_LPM\:I,GPIO\:I,NUCLEO-WL55JC1\:I,USART2\:I,I2C2\:I,ADC\:I
Dma.ADC.0.Channel_PRIV_NPRIV=DMA_CHANNEL_NPRIV_DISABLE
Dma.ADC.0.Direction=DMA_PERIPH_TO_MEMORY
Dma.ADC.0.EventEnable=DISABLE
Dma.ADC.0.Instance=DMA1_Channel1
Dma.ADC.0.MemDataAlignment=DMA_MDATAALIGN_HALFWORD
Dma.ADC.0.MemInc=DMA_MINC_ENABLE
Dma.ADC.0.Mode=DMA_CIRCULAR
Dma.ADC.0.PeriphDataAlignment=DMA_PDATAALIGN_HALFWORD
Dma.ADC.0.PeriphInc=DMA_PINC_DISABLE
Dma.ADC.0.Polarity=HAL_DMAMUX_REQ_GEN_RISING
Dma.ADC.0.Priority=DMA_PRIORITY_LOW
Dma.ADC.0.RequestNumber=1
Dma.ADC.0.RequestParameters=Instance,Direction,PeriphInc,MemInc,PeriphDataAlignment,MemDataAlignment,Mode,Priority,SignalID,Polarity,RequestNumber,SyncSignalID,SyncPolarity,SyncEnable,EventEnable,SyncRequestNumber,Channel_PRIV_NPRIV
Dma.ADC.0.SignalID=NONE
Dma.ADC.0.SyncEnable=DISABLE
Dma.ADC.0.SyncPolarity=HAL_DMAMUX_SYNC_NO_EVENT
Dma.ADC.0.SyncRequestNumber=1
Dma.ADC.0.SyncSignalID=NONE
Dma.Request0=ADC
Dma.RequestsNb=1
File.Version=6
GPIO.groupedBy=
I2C2.IPParameters=Timing
I2C2.Timing=0x00100D14
KeepUserPlacement=false
Mcu.CPN=STM32WL55JCI6
Mcu.Context0=CortexM4
Mcu.Context1=CortexM0Plus
Mcu.ContextNb=2
Mcu.ContextProject=DualCore
Mcu.Family=STM32WL
Mcu.IP0=ADC
Mcu.IP1=DMA
Mcu.IP10=USART2
Mcu.IP2=I2C2
Mcu.IP3=NUCLEO-WL55JC1
Mcu.IP4=NUCLEO-WL55JC1
Mcu.IP5=NVIC1
Mcu.IP6=NVIC2
Mcu.IP7=RCC
Mcu.IP8=SYS_M0PLUS
Mcu.IP9=SYS
Mcu.IPNb=12
Mcu.Name=STM32WL55JCIx
Mcu.Package=UFBGA73
Mcu.Pin0=PA12
Mcu.Pin1=PB15
Mcu.Pin10=PC3
Mcu.Pin11=PA0
Mcu.Pin12=PB13
Mcu.Pin13=PB2
Mcu.Pin14=PC5
Mcu.Pin15=PB1
Mcu.Pin16=PC4
Mcu.Pin17=PC6
Mcu.Pin18=PA1
Mcu.Pin19=PB11
Mcu.Pin2=PC14-OSC32_IN
Mcu.Pin20=PA3
Mcu.Pin21=PA2
Mcu.Pin22=VP_ADC_Vbat_Input
Mcu.Pin23=VP_SYS_VS_Systick
Mcu.Pin24=VP_SYS_M0PLUS_VS_Systick
Mcu.Pin25=VP_NUCLEO-WL55JC1_VS_BSP_COMMON
Mcu.Pin3=PA11
Mcu.Pin4=PB3
Mcu.Pin5=PB4
Mcu.Pin6=PB9
Mcu.Pin7=PC15-OSC32_OUT
Mcu.Pin8=PB14
Mcu.Pin9=PA10
Mcu.PinsNb=26
Mcu.ThirdPartyNb=0
Mcu.UserConstants=
Mcu.UserName=STM32WL55JCIx
MxCube.Version=6.12.1
MxDb.Version=DB.6.0.121
NUCLEO-WL55JC1.BUTTON=1
NUCLEO-WL55JC1.BUTTON2=1
NUCLEO-WL55JC1.BUTTON3=1
NUCLEO-WL55JC1.IPParameters=LD2,BUTTON3,LD1,LD3,BUTTON,BUTTON2
NUCLEO-WL55JC1.LD1=true
NUCLEO-WL55JC1.LD2=true
NUCLEO-WL55JC1.LD3=true
NVIC1.ADC_IRQn=true\:1\:0\:true\:false\:true\:true\:true\:true
NVIC1.BusFault_IRQn=true\:0\:0\:false\:false\:true\:false\:false\:false
NVIC1.DMA1_Channel1_IRQn=true\:0\:0\:false\:false\:true\:false\:true\:true
NVIC1.DebugMonitor_IRQn=true\:0\:0\:false\:false\:true\:false\:false\:false
NVIC1.EXTI0_IRQn=true\:0\:0\:false\:false\:true\:false\:true\:true
NVIC1.EXTI1_IRQn=true\:0\:0\:false\:false\:true\:false\:true\:true
NVIC1.EXTI9_5_IRQn=true\:0\:0\:false\:false\:true\:false\:true\:true
NVIC1.ForceEnableDMAVector=true
NVIC1.HardFault_IRQn=true\:0\:0\:false\:false\:true\:false\:false\:false
NVIC1.MemoryManagement_IRQn=true\:0\:0\:false\:false\:true\:false\:false\:false
NVIC1.NonMaskableInt_IRQn=true\:0\:0\:false\:false\:true\:false\:false\:false
NVIC1.PendSV_IRQn=true\:0\:0\:false\:false\:true\:false\:false\:false
NVIC1.PriorityGroup=NVIC_PRIORITYGROUP_4
NVIC1.SVCall_IRQn=true\:0\:0\:false\:false\:true\:false\:false\:false
NVIC1.SysTick_IRQn=true\:0\:0\:false\:false\:true\:false\:true\:false
NVIC1.USART2_IRQn=true\:0\:0\:false\:false\:true\:true\:true\:true
NVIC1.UsageFault_IRQn=true\:0\:0\:false\:false\:true\:false\:false\:false
NVIC2.ForceEnableDMAVector=true
NVIC2.HardFault_IRQn=true\:0\:0\:false\:false\:true\:false\:false\:false
NVIC2.NonMaskableInt_IRQn=true\:0\:0\:false\:false\:true\:false\:false\:false
NVIC2.PendSV_IRQn=true\:0\:0\:false\:false\:true\:false\:false\:false
NVIC2.SVC_IRQn=true\:0\:0\:false\:false\:true\:false\:false\:true
NVIC2.SysTick_IRQn=true\:0\:0\:false\:false\:true\:false\:true\:false
PA0.Locked=true
PA1.Locked=true
PA10.Mode=IN6
PA10.Signal=ADC_IN6
PA11.GPIOParameters=GPIO_Speed,GPIO_Pu
PA11.GPIO_Pu=GPIO_PULLUP
PA11.GPIO_Speed=GPIO_SPEED_FREQ_VERY_HIGH
PA11.Locked=true
PA11.Mode=I2C
PA11.Signal=I2C2_SDA
PA12.GPIOParameters=GPIO_Speed,GPIO_Pu
PA12.GPIO_Pu=GPIO_PULLUP
PA12.GPIO_Speed=GPIO_SPEED_FREQ_VERY_HIGH
PA12.Mode=I2C
PA12.Signal=I2C2_SCL
PA2.Mode=Asynchronous
PA2.Signal=USART2_TX
PA3.Mode=Asynchronous
PA3.Signal=USART2_RX
PB1.Mode=IN5
PB1.Signal=ADC_IN5
PB11.Locked=true
PB13.Mode=IN0
PB13.Signal=ADC_IN0
PB14.Mode=IN1
PB14.Signal=ADC_IN1
PB15.Locked=true
PB2.Mode=IN4
PB2.Signal=ADC_IN4
PB3.Mode=IN2
PB3.Signal=ADC_IN2
PB4.Mode=IN3
PB4.Signal=ADC_IN3
PB9.Locked=true
PC14-OSC32_IN.GPIOParameters=GPIO_Label
PC14-OSC32_IN.GPIO_Label=RCC_OSC32_IN
PC14-OSC32_IN.Locked=true
PC14-OSC32_IN.Signal=RCC_OSC32_IN
PC15-OSC32_OUT.GPIOParameters=GPIO_Label
PC15-OSC32_OUT.GPIO_Label=RCC_OSC32_OUT
PC15-OSC32_OUT.Locked=true
PC15-OSC32_OUT.Signal=RCC_OSC32_OUT
PC3.GPIOParameters=GPIO_Speed,GPIO_Label
PC3.GPIO_Label=FE_CTRL3
PC3.GPIO_Speed=GPIO_SPEED_FREQ_VERY_HIGH
PC3.Locked=true
PC3.Signal=GPIO_Output
PC4.GPIOParameters=GPIO_Speed,GPIO_Label
PC4.GPIO_Label=FE_CTRL1
PC4.GPIO_Speed=GPIO_SPEED_FREQ_VERY_HIGH
PC4.Locked=true
PC4.Signal=GPIO_Output
PC5.GPIOParameters=GPIO_Speed,GPIO_Label
PC5.GPIO_Label=FE_CTRL2
PC5.GPIO_Speed=GPIO_SPEED_FREQ_VERY_HIGH
PC5.Locked=true
PC5.Signal=GPIO_Output
PC6.Locked=true
PCC.SUBGHZ.FrequencyBand=High
PCC.SUBGHZ.Modulation=FSK
PCC.SUBGHZ.OptionalSettings=false
PCC.SUBGHZ.Output.Power=14
PCC.SUBGHZ.PowerAmplifier=Low Power
PCC.SUBGHZ.RxBoosted=false
PCC.SUBGHZ.SMPS=Off
PinOutPanel.CurrentBGAView=Top
PinOutPanel.RotationAngle=0
ProjectManager.AskForMigrate=true
ProjectManager.BackupPrevious=false
ProjectManager.BootMode=boot0
ProjectManager.CompilerOptimize=6
ProjectManager.ComputerToolchain=false
ProjectManager.CoupleFile=false
ProjectManager.CustomerFirmwarePackage=
ProjectManager.DefaultFWLocation=true
ProjectManager.DeletePrevious=true
ProjectManager.DeviceId=STM32WL55JCIx
ProjectManager.FirmwarePackage=STM32Cube FW_WL V1.3.0
ProjectManager.FreePins=false
ProjectManager.HalAssertFull=false
ProjectManager.HeapSize=M4-0x200,M0P-0x200
ProjectManager.KeepUserCode=true
ProjectManager.LastFirmware=true
ProjectManager.LibraryCopy=1
ProjectManager.MainLocation=Core/Src
ProjectManager.NoMain=false
ProjectManager.PreviousToolchain=
ProjectManager.ProjectBuild=false
ProjectManager.ProjectFileName=nucleo-wl55jc17-sensor-testing.ioc
ProjectManager.ProjectName=nucleo-wl55jc17-sensor-testing
ProjectManager.ProjectStructure=M4\:CortexM4 Project\:true;M0P\:CortexM0Plus Project\:true;
ProjectManager.RegisterCallBack=
ProjectManager.StackSize=M4-0x400,M0P-0x400
ProjectManager.TargetToolchain=STM32CubeIDE
ProjectManager.ToolChainLocation=
ProjectManager.UAScriptAfterPath=
ProjectManager.UAScriptBeforePath=
ProjectManager.UnderRoot=true
ProjectManager.functionlistsort=1-SystemClock_Config-RCC-false-HAL-false-CortexM4,2-MX_GPIO_Init-GPIO-false-HAL-true-CortexM4,3-MX_DMA_Init-DMA-false-HAL-true-CortexM4,4-MX_ADC_Init-ADC-false-HAL-true-CortexM4,5-MX_I2C2_Init-I2C2-false-HAL-true-CortexM4,6-MX_USART2_UART_Init-USART2-false-HAL-true-CortexM4,1-MX_DMA_Init-DMA-true-HAL-true-CortexM0Plus,false-0--NUCLEO-WL55JC1-true-HAL-true-CortexM4
RCC.FamilyName=M
RCC.HCLK2Freq_Value=4000000
RCC.HSE_VALUE=32000000
RCC.HSI_VALUE=16000000
RCC.I2S2Freq_Value=16000000
RCC.IPParameters=FamilyName,HCLK2Freq_Value,HSE_VALUE,HSI_VALUE,I2S2Freq_Value,LSCOPinFreq_Value,LSE_VALUE,PLLPoutputFreq_Value,PLLQoutputFreq_Value,PLLRCLKFreq_Value,RNGFreq_Value,VCOInputFreq_Value,VCOOutputFreq_Value
RCC.LSCOPinFreq_Value=32000
RCC.LSE_VALUE=32768
RCC.PLLPoutputFreq_Value=16000000
RCC.PLLQoutputFreq_Value=16000000
RCC.PLLRCLKFreq_Value=16000000
RCC.RNGFreq_Value=32000
RCC.VCOInputFreq_Value=4000000
RCC.VCOOutputFreq_Value=32000000
SYS.userName=SYS_M4
SYS_M0PLUS.userName=SYS_M0+
USART2.IPParameters=VirtualMode-Asynchronous
USART2.VirtualMode-Asynchronous=VM_ASYNC
VP_ADC_Vbat_Input.Mode=IN-Vbat
VP_ADC_Vbat_Input.Signal=ADC_Vbat_Input
VP_NUCLEO-WL55JC1_VS_BSP_COMMON.Mode=COMMON
VP_NUCLEO-WL55JC1_VS_BSP_COMMON.Signal=NUCLEO-WL55JC1_VS_BSP_COMMON
VP_SYS_M0PLUS_VS_Systick.Mode=SysTick
VP_SYS_M0PLUS_VS_Systick.Signal=SYS_M0PLUS_VS_Systick
VP_SYS_VS_Systick.Mode=SysTick
VP_SYS_VS_Systick.Signal=SYS_VS_Systick
board=NUCLEO-WL55JC1
boardIOC=true
isbadioc=false
